
Microsoft Visual Studio Solution File, Format Version 12.00
# Visual Studio Version 17
VisualStudioVersion = 17.0.31903.59
MinimumVisualStudioVersion = 10.0.40219.1
Project("{2150E333-8FDC-42A3-9474-1A3956D46DE8}") = "src", "src", "{827E0CD3-B72D-47B6-A68D-7590B98EB39B}"
EndProject
Project("{FAE04EC0-301F-11D3-BF4B-00C04F79EFBC}") = "WebhookEngine.Core", "src\WebhookEngine.Core\WebhookEngine.Core.csproj", "{CE6BB115-C15B-4719-A01C-D1DB66052DB0}"
EndProject
Project("{FAE04EC0-301F-11D3-BF4B-00C04F79EFBC}") = "WebhookEngine.Infrastructure", "src\WebhookEngine.Infrastructure\WebhookEngine.Infrastructure.csproj", "{89EC437F-900D-4DC6-B251-BB3E2F0A5C3A}"
EndProject
Project("{FAE04EC0-301F-11D3-BF4B-00C04F79EFBC}") = "WebhookEngine.Worker", "src\WebhookEngine.Worker\WebhookEngine.Worker.csproj", "{22567E4A-F6BC-4598-B7B0-0FFA4AA15B07}"
EndProject
Project("{FAE04EC0-301F-11D3-BF4B-00C04F79EFBC}") = "WebhookEngine.API", "src\WebhookEngine.API\WebhookEngine.API.csproj", "{838D4541-9EEC-4054-A24D-09B0A6CAD3E7}"
EndProject
Project("{FAE04EC0-301F-11D3-BF4B-00C04F79EFBC}") = "WebhookEngine.Sdk", "src\WebhookEngine.Sdk\WebhookEngine.Sdk.csproj", "{CAA7C910-47B6-42AD-B87F-65E62CD15CE8}"
EndProject
Project("{2150E333-8FDC-42A3-9474-1A3956D46DE8}") = "tests", "tests", "{0AB3BF05-4346-4AA6-1389-037BE0695223}"
EndProject
Project("{FAE04EC0-301F-11D3-BF4B-00C04F79EFBC}") = "WebhookEngine.Core.Tests", "tests\WebhookEngine.Core.Tests\WebhookEngine.Core.Tests.csproj", "{922030CD-34F1-41B8-9FB5-6C1D630902D6}"
EndProject
Project("{FAE04EC0-301F-11D3-BF4B-00C04F79EFBC}") = "WebhookEngine.Infrastructure.Tests", "tests\WebhookEngine.Infrastructure.Tests\WebhookEngine.Infrastructure.Tests.csproj", "{F864AE68-9292-4E8F-B18C-CB6704D9C5EC}"
EndProject
Project("{FAE04EC0-301F-11D3-BF4B-00C04F79EFBC}") = "WebhookEngine.API.Tests", "tests\WebhookEngine.API.Tests\WebhookEngine.API.Tests.csproj", "{18527198-F160-4F27-98D5-6CBAD651926E}"
EndProject
Project("{FAE04EC0-301F-11D3-BF4B-00C04F79EFBC}") = "WebhookEngine.Worker.Tests", "tests\WebhookEngine.Worker.Tests\WebhookEngine.Worker.Tests.csproj", "{2D167449-CBB7-49DF-9A9D-108E02993F23}"
EndProject
Project("{2150E333-8FDC-42A3-9474-1A3956D46DE8}") = "samples", "samples", "{5D20AA90-6969-D8BD-9DCD-8634F4692FDA}"
EndProject
Project("{FAE04EC0-301F-11D3-BF4B-00C04F79EFBC}") = "WebhookEngine.Sample.Sender", "samples\WebhookEngine.Sample.Sender\WebhookEngine.Sample.Sender.csproj", "{B987D6A8-7557-4FAD-9EAF-4CDB7B5B7825}"
EndProject
Project("{FAE04EC0-301F-11D3-BF4B-00C04F79EFBC}") = "WebhookEngine.Sample.Receiver", "samples\WebhookEngine.Sample.Receiver\WebhookEngine.Sample.Receiver.csproj", "{64E0F085-A303-43B9-9DA9-F44B3762BE0A}"
EndProject
Global
	GlobalSection(SolutionConfigurationPlatforms) = preSolution
		Debug|Any CPU = Debug|Any CPU
		Debug|x64 = Debug|x64
		Debug|x86 = Debug|x86
		Release|Any CPU = Release|Any CPU
		Release|x64 = Release|x64
		Release|x86 = Release|x86
	EndGlobalSection
	GlobalSection(ProjectConfigurationPlatforms) = postSolution
		{CE6BB115-C15B-4719-A01C-D1DB66052DB0}.Debug|Any CPU.ActiveCfg = Debug|Any CPU
		{CE6BB115-C15B-4719-A01C-D1DB66052DB0}.Debug|Any CPU.Build.0 = Debug|Any CPU
		{CE6BB115-C15B-4719-A01C-D1DB66052DB0}.Debug|x64.ActiveCfg = Debug|Any CPU
		{CE6BB115-C15B-4719-A01C-D1DB66052DB0}.Debug|x64.Build.0 = Debug|Any CPU
		{CE6BB115-C15B-4719-A01C-D1DB66052DB0}.Debug|x86.ActiveCfg = Debug|Any CPU
		{CE6BB115-C15B-4719-A01C-D1DB66052DB0}.Debug|x86.Build.0 = Debug|Any CPU
		{CE6BB115-C15B-4719-A01C-D1DB66052DB0}.Release|Any CPU.ActiveCfg = Release|Any CPU
		{CE6BB115-C15B-4719-A01C-D1DB66052DB0}.Release|Any CPU.Build.0 = Release|Any CPU
		{CE6BB115-C15B-4719-A01C-D1DB66052DB0}.Release|x64.ActiveCfg = Release|Any CPU
		{CE6BB115-C15B-4719-A01C-D1DB66052DB0}.Release|x64.Build.0 = Release|Any CPU
		{CE6BB115-C15B-4719-A01C-D1DB66052DB0}.Release|x86.ActiveCfg = Release|Any CPU
		{CE6BB115-C15B-4719-A01C-D1DB66052DB0}.Release|x86.Build.0 = Release|Any CPU
		{89EC437F-900D-4DC6-B251-BB3E2F0A5C3A}.Debug|Any CPU.ActiveCfg = Debug|Any CPU
		{89EC437F-900D-4DC6-B251-BB3E2F0A5C3A}.Debug|Any CPU.Build.0 = Debug|Any CPU
		{89EC437F-900D-4DC6-B251-BB3E2F0A5C3A}.Debug|x64.ActiveCfg = Debug|Any CPU
		{89EC437F-900D-4DC6-B251-BB3E2F0A5C3A}.Debug|x64.Build.0 = Debug|Any CPU
		{89EC437F-900D-4DC6-B251-BB3E2F0A5C3A}.Debug|x86.ActiveCfg = Debug|Any CPU
		{89EC437F-900D-4DC6-B251-BB3E2F0A5C3A}.Debug|x86.Build.0 = Debug|Any CPU
		{89EC437F-900D-4DC6-B251-BB3E2F0A5C3A}.Release|Any CPU.ActiveCfg = Release|Any CPU
		{89EC437F-900D-4DC6-B251-BB3E2F0A5C3A}.Release|Any CPU.Build.0 = Release|Any CPU
		{89EC437F-900D-4DC6-B251-BB3E2F0A5C3A}.Release|x64.ActiveCfg = Release|Any CPU
		{89EC437F-900D-4DC6-B251-BB3E2F0A5C3A}.Release|x64.Build.0 = Release|Any CPU
		{89EC437F-900D-4DC6-B251-BB3E2F0A5C3A}.Release|x86.ActiveCfg = Release|Any CPU
		{89EC437F-900D-4DC6-B251-BB3E2F0A5C3A}.Release|x86.Build.0 = Release|Any CPU
		{22567E4A-F6BC-4598-B7B0-0FFA4AA15B07}.Debug|Any CPU.ActiveCfg = Debug|Any CPU
		{22567E4A-F6BC-4598-B7B0-0FFA4AA15B07}.Debug|Any CPU.Build.0 = Debug|Any CPU
		{22567E4A-F6BC-4598-B7B0-0FFA4AA15B07}.Debug|x64.ActiveCfg = Debug|Any CPU
		{22567E4A-F6BC-4598-B7B0-0FFA4AA15B07}.Debug|x64.Build.0 = Debug|Any CPU
		{22567E4A-F6BC-4598-B7B0-0FFA4AA15B07}.Debug|x86.ActiveCfg = Debug|Any CPU
		{22567E4A-F6BC-4598-B7B0-0FFA4AA15B07}.Debug|x86.Build.0 = Debug|Any CPU
		{22567E4A-F6BC-4598-B7B0-0FFA4AA15B07}.Release|Any CPU.ActiveCfg = Release|Any CPU
		{22567E4A-F6BC-4598-B7B0-0FFA4AA15B07}.Release|Any CPU.Build.0 = Release|Any CPU
		{22567E4A-F6BC-4598-B7B0-0FFA4AA15B07}.Release|x64.ActiveCfg = Release|Any CPU
		{22567E4A-F6BC-4598-B7B0-0FFA4AA15B07}.Release|x64.Build.0 = Release|Any CPU
		{22567E4A-F6BC-4598-B7B0-0FFA4AA15B07}.Release|x86.ActiveCfg = Release|Any CPU
		{22567E4A-F6BC-4598-B7B0-0FFA4AA15B07}.Release|x86.Build.0 = Release|Any CPU
		{838D4541-9EEC-4054-A24D-09B0A6CAD3E7}.Debug|Any CPU.ActiveCfg = Debug|Any CPU
		{838D4541-9EEC-4054-A24D-09B0A6CAD3E7}.Debug|Any CPU.Build.0 = Debug|Any CPU
		{838D4541-9EEC-4054-A24D-09B0A6CAD3E7}.Debug|x64.ActiveCfg = Debug|Any CPU
		{838D4541-9EEC-4054-A24D-09B0A6CAD3E7}.Debug|x64.Build.0 = Debug|Any CPU
		{838D4541-9EEC-4054-A24D-09B0A6CAD3E7}.Debug|x86.ActiveCfg = Debug|Any CPU
		{838D4541-9EEC-4054-A24D-09B0A6CAD3E7}.Debug|x86.Build.0 = Debug|Any CPU
		{838D4541-9EEC-4054-A24D-09B0A6CAD3E7}.Release|Any CPU.ActiveCfg = Release|Any CPU
		{838D4541-9EEC-4054-A24D-09B0A6CAD3E7}.Release|Any CPU.Build.0 = Release|Any CPU
		{838D4541-9EEC-4054-A24D-09B0A6CAD3E7}.Release|x64.ActiveCfg = Release|Any CPU
		{838D4541-9EEC-4054-A24D-09B0A6CAD3E7}.Release|x64.Build.0 = Release|Any CPU
		{838D4541-9EEC-4054-A24D-09B0A6CAD3E7}.Release|x86.ActiveCfg = Release|Any CPU
		{838D4541-9EEC-4054-A24D-09B0A6CAD3E7}.Release|x86.Build.0 = Release|Any CPU
		{CAA7C910-47B6-42AD-B87F-65E62CD15CE8}.Debug|Any CPU.ActiveCfg = Debug|Any CPU
		{CAA7C910-47B6-42AD-B87F-65E62CD15CE8}.Debug|Any CPU.Build.0 = Debug|Any CPU
		{CAA7C910-47B6-42AD-B87F-65E62CD15CE8}.Debug|x64.ActiveCfg = Debug|Any CPU
		{CAA7C910-47B6-42AD-B87F-65E62CD15CE8}.Debug|x64.Build.0 = Debug|Any CPU
		{CAA7C910-47B6-42AD-B87F-65E62CD15CE8}.Debug|x86.ActiveCfg = Debug|Any CPU
		{CAA7C910-47B6-42AD-B87F-65E62CD15CE8}.Debug|x86.Build.0 = Debug|Any CPU
		{CAA7C910-47B6-42AD-B87F-65E62CD15CE8}.Release|Any CPU.ActiveCfg = Release|Any CPU
		{CAA7C910-47B6-42AD-B87F-65E62CD15CE8}.Release|Any CPU.Build.0 = Release|Any CPU
		{CAA7C910-47B6-42AD-B87F-65E62CD15CE8}.Release|x64.ActiveCfg = Release|Any CPU
		{CAA7C910-47B6-42AD-B87F-65E62CD15CE8}.Release|x64.Build.0 = Release|Any CPU
		{CAA7C910-47B6-42AD-B87F-65E62CD15CE8}.Release|x86.ActiveCfg = Release|Any CPU
		{CAA7C910-47B6-42AD-B87F-65E62CD15CE8}.Release|x86.Build.0 = Release|Any CPU
		{922030CD-34F1-41B8-9FB5-6C1D630902D6}.Debug|Any CPU.ActiveCfg = Debug|Any CPU
		{922030CD-34F1-41B8-9FB5-6C1D630902D6}.Debug|Any CPU.Build.0 = Debug|Any CPU
		{922030CD-34F1-41B8-9FB5-6C1D630902D6}.Debug|x64.ActiveCfg = Debug|Any CPU
		{922030CD-34F1-41B8-9FB5-6C1D630902D6}.Debug|x64.Build.0 = Debug|Any CPU
		{922030CD-34F1-41B8-9FB5-6C1D630902D6}.Debug|x86.ActiveCfg = Debug|Any CPU
		{922030CD-34F1-41B8-9FB5-6C1D630902D6}.Debug|x86.Build.0 = Debug|Any CPU
		{922030CD-34F1-41B8-9FB5-6C1D630902D6}.Release|Any CPU.ActiveCfg = Release|Any CPU
		{922030CD-34F1-41B8-9FB5-6C1D630902D6}.Release|Any CPU.Build.0 = Release|Any CPU
		{922030CD-34F1-41B8-9FB5-6C1D630902D6}.Release|x64.ActiveCfg = Release|Any CPU
		{922030CD-34F1-41B8-9FB5-6C1D630902D6}.Release|x64.Build.0 = Release|Any CPU
		{922030CD-34F1-41B8-9FB5-6C1D630902D6}.Release|x86.ActiveCfg = Release|Any CPU
		{922030CD-34F1-41B8-9FB5-6C1D630902D6}.Release|x86.Build.0 = Release|Any CPU
		{F864AE68-9292-4E8F-B18C-CB6704D9C5EC}.Debug|Any CPU.ActiveCfg = Debug|Any CPU
		{F864AE68-9292-4E8F-B18C-CB6704D9C5EC}.Debug|Any CPU.Build.0 = Debug|Any CPU
		{F864AE68-9292-4E8F-B18C-CB6704D9C5EC}.Debug|x64.ActiveCfg = Debug|Any CPU
		{F864AE68-9292-4E8F-B18C-CB6704D9C5EC}.Debug|x64.Build.0 = Debug|Any CPU
		{F864AE68-9292-4E8F-B18C-CB6704D9C5EC}.Debug|x86.ActiveCfg = Debug|Any CPU
		{F864AE68-9292-4E8F-B18C-CB6704D9C5EC}.Debug|x86.Build.0 = Debug|Any CPU
		{F864AE68-9292-4E8F-B18C-CB6704D9C5EC}.Release|Any CPU.ActiveCfg = Release|Any CPU
		{F864AE68-9292-4E8F-B18C-CB6704D9C5EC}.Release|Any CPU.Build.0 = Release|Any CPU
		{F864AE68-9292-4E8F-B18C-CB6704D9C5EC}.Release|x64.ActiveCfg = Release|Any CPU
		{F864AE68-9292-4E8F-B18C-CB6704D9C5EC}.Release|x64.Build.0 = Release|Any CPU
		{F864AE68-9292-4E8F-B18C-CB6704D9C5EC}.Release|x86.ActiveCfg = Release|Any CPU
		{F864AE68-9292-4E8F-B18C-CB6704D9C5EC}.Release|x86.Build.0 = Release|Any CPU
		{18527198-F160-4F27-98D5-6CBAD651926E}.Debug|Any CPU.ActiveCfg = Debug|Any CPU
		{18527198-F160-4F27-98D5-6CBAD651926E}.Debug|Any CPU.Build.0 = Debug|Any CPU
		{18527198-F160-4F27-98D5-6CBAD651926E}.Debug|x64.ActiveCfg = Debug|Any CPU
		{18527198-F160-4F27-98D5-6CBAD651926E}.Debug|x64.Build.0 = Debug|Any CPU
		{18527198-F160-4F27-98D5-6CBAD651926E}.Debug|x86.ActiveCfg = Debug|Any CPU
		{18527198-F160-4F27-98D5-6CBAD651926E}.Debug|x86.Build.0 = Debug|Any CPU
		{18527198-F160-4F27-98D5-6CBAD651926E}.Release|Any CPU.ActiveCfg = Release|Any CPU
		{18527198-F160-4F27-98D5-6CBAD651926E}.Release|Any CPU.Build.0 = Release|Any CPU
		{18527198-F160-4F27-98D5-6CBAD651926E}.Release|x64.ActiveCfg = Release|Any CPU
		{18527198-F160-4F27-98D5-6CBAD651926E}.Release|x64.Build.0 = Release|Any CPU
		{18527198-F160-4F27-98D5-6CBAD651926E}.Release|x86.ActiveCfg = Release|Any CPU
		{18527198-F160-4F27-98D5-6CBAD651926E}.Release|x86.Build.0 = Release|Any CPU
		{2D167449-CBB7-49DF-9A9D-108E02993F23}.Debug|Any CPU.ActiveCfg = Debug|Any CPU
		{2D167449-CBB7-49DF-9A9D-108E02993F23}.Debug|Any CPU.Build.0 = Debug|Any CPU
		{2D167449-CBB7-49DF-9A9D-108E02993F23}.Debug|x64.ActiveCfg = Debug|Any CPU
		{2D167449-CBB7-49DF-9A9D-108E02993F23}.Debug|x64.Build.0 = Debug|Any CPU
		{2D167449-CBB7-49DF-9A9D-108E02993F23}.Debug|x86.ActiveCfg = Debug|Any CPU
		{2D167449-CBB7-49DF-9A9D-108E02993F23}.Debug|x86.Build.0 = Debug|Any CPU
		{2D167449-CBB7-49DF-9A9D-108E02993F23}.Release|Any CPU.ActiveCfg = Release|Any CPU
		{2D167449-CBB7-49DF-9A9D-108E02993F23}.Release|Any CPU.Build.0 = Release|Any CPU
		{2D167449-CBB7-49DF-9A9D-108E02993F23}.Release|x64.ActiveCfg = Release|Any CPU
		{2D167449-CBB7-49DF-9A9D-108E02993F23}.Release|x64.Build.0 = Release|Any CPU
		{2D167449-CBB7-49DF-9A9D-108E02993F23}.Release|x86.ActiveCfg = Release|Any CPU
		{2D167449-CBB7-49DF-9A9D-108E02993F23}.Release|x86.Build.0 = Release|Any CPU
		{B987D6A8-7557-4FAD-9EAF-4CDB7B5B7825}.Debug|Any CPU.ActiveCfg = Debug|Any CPU
		{B987D6A8-7557-4FAD-9EAF-4CDB7B5B7825}.Debug|Any CPU.Build.0 = Debug|Any CPU
		{B987D6A8-7557-4FAD-9EAF-4CDB7B5B7825}.Debug|x64.ActiveCfg = Debug|Any CPU
		{B987D6A8-7557-4FAD-9EAF-4CDB7B5B7825}.Debug|x64.Build.0 = Debug|Any CPU
		{B987D6A8-7557-4FAD-9EAF-4CDB7B5B7825}.Debug|x86.ActiveCfg = Debug|Any CPU
		{B987D6A8-7557-4FAD-9EAF-4CDB7B5B7825}.Debug|x86.Build.0 = Debug|Any CPU
		{B987D6A8-7557-4FAD-9EAF-4CDB7B5B7825}.Release|Any CPU.ActiveCfg = Release|Any CPU
		{B987D6A8-7557-4FAD-9EAF-4CDB7B5B7825}.Release|Any CPU.Build.0 = Release|Any CPU
		{B987D6A8-7557-4FAD-9EAF-4CDB7B5B7825}.Release|x64.ActiveCfg = Release|Any CPU
		{B987D6A8-7557-4FAD-9EAF-4CDB7B5B7825}.Release|x64.Build.0 = Release|Any CPU
		{B987D6A8-7557-4FAD-9EAF-4CDB7B5B7825}.Release|x86.ActiveCfg = Release|Any CPU
		{B987D6A8-7557-4FAD-9EAF-4CDB7B5B7825}.Release|x86.Build.0 = Release|Any CPU
		{64E0F085-A303-43B9-9DA9-F44B3762BE0A}.Debug|Any CPU.ActiveCfg = Debug|Any CPU
		{64E0F085-A303-43B9-9DA9-F44B3762BE0A}.Debug|Any CPU.Build.0 = Debug|Any CPU
		{64E0F085-A303-43B9-9DA9-F44B3762BE0A}.Debug|x64.ActiveCfg = Debug|Any CPU
		{64E0F085-A303-43B9-9DA9-F44B3762BE0A}.Debug|x64.Build.0 = Debug|Any CPU
		{64E0F085-A303-43B9-9DA9-F44B3762BE0A}.Debug|x86.ActiveCfg = Debug|Any CPU
		{64E0F085-A303-43B9-9DA9-F44B3762BE0A}.Debug|x86.Build.0 = Debug|Any CPU
		{64E0F085-A303-43B9-9DA9-F44B3762BE0A}.Release|Any CPU.ActiveCfg = Release|Any CPU
		{64E0F085-A303-43B9-9DA9-F44B3762BE0A}.Release|Any CPU.Build.0 = Release|Any CPU
		{64E0F085-A303-43B9-9DA9-F44B3762BE0A}.Release|x64.ActiveCfg = Release|Any CPU
		{64E0F085-A303-43B9-9DA9-F44B3762BE0A}.Release|x64.Build.0 = Release|Any CPU
		{64E0F085-A303-43B9-9DA9-F44B3762BE0A}.Release|x86.ActiveCfg = Release|Any CPU
		{64E0F085-A303-43B9-9DA9-F44B3762BE0A}.Release|x86.Build.0 = Release|Any CPU
	EndGlobalSection
	GlobalSection(SolutionProperties) = preSolution
		HideSolutionNode = FALSE
	EndGlobalSection
	GlobalSection(NestedProjects) = preSolution
		{CE6BB115-C15B-4719-A01C-D1DB66052DB0} = {827E0CD3-B72D-47B6-A68D-7590B98EB39B}
		{89EC437F-900D-4DC6-B251-BB3E2F0A5C3A} = {827E0CD3-B72D-47B6-A68D-7590B98EB39B}
		{22567E4A-F6BC-4598-B7B0-0FFA4AA15B07} = {827E0CD3-B72D-47B6-A68D-7590B98EB39B}
		{838D4541-9EEC-4054-A24D-09B0A6CAD3E7} = {827E0CD3-B72D-47B6-A68D-7590B98EB39B}
		{CAA7C910-47B6-42AD-B87F-65E62CD15CE8} = {827E0CD3-B72D-47B6-A68D-7590B98EB39B}
		{922030CD-34F1-41B8-9FB5-6C1D630902D6} = {0AB3BF05-4346-4AA6-1389-037BE0695223}
		{F864AE68-9292-4E8F-B18C-CB6704D9C5EC} = {0AB3BF05-4346-4AA6-1389-037BE0695223}
		{18527198-F160-4F27-98D5-6CBAD651926E} = {0AB3BF05-4346-4AA6-1389-037BE0695223}
		{2D167449-CBB7-49DF-9A9D-108E02993F23} = {0AB3BF05-4346-4AA6-1389-037BE0695223}
		{B987D6A8-7557-4FAD-9EAF-4CDB7B5B7825} = {5D20AA90-6969-D8BD-9DCD-8634F4692FDA}
		{64E0F085-A303-43B9-9DA9-F44B3762BE0A} = {5D20AA90-6969-D8BD-9DCD-8634F4692FDA}
	EndGlobalSection
EndGlobal
